
Microsoft Visual Studio Solution File, Format Version 12.00
# Visual Studio Version 17
VisualStudioVersion = 17.1.32210.238
MinimumVisualStudioVersion = 10.0.40219.1
Project("{2150E333-8FDC-42A3-9474-1A3956D46DE8}") = "Src", "Src", "{238AED49-870C-4B4A-A142-EF8F50E54BEF}"
EndProject
Project("{2150E333-8FDC-42A3-9474-1A3956D46DE8}") = "Test", "Test", "{F02828CD-88A1-4077-8D10-5EB00FC6A794}"
EndProject
Project("{2150E333-8FDC-42A3-9474-1A3956D46DE8}") = "Core", "Core", "{158B1839-A1DD-446B-B404-A0DE6437EDF1}"
EndProject
Project("{2150E333-8FDC-42A3-9474-1A3956D46DE8}") = "Infrastructure", "Infrastructure", "{3C50C985-CC6E-42C1-BAF1-8A83F75442D7}"
EndProject
Project("{9A19103F-16F7-4668-BE54-9A1E7A4F7556}") = "SAPP.Test.Domain", "SAPP.Test.Domain\SAPP.Test.Domain.csproj", "{D169EBFB-B85A-42E3-8996-9C42FE2FB679}"
EndProject
Project("{9A19103F-16F7-4668-BE54-9A1E7A4F7556}") = "SAPP.Test.Contracts", "SAPP.Test.Contracts\SAPP.Test.Contracts.csproj", "{A3FA159B-2F6D-413F-8664-3C215AF7D1F7}"
EndProject
Project("{9A19103F-16F7-4668-BE54-9A1E7A4F7556}") = "SAPP.Test.Services.Abstractions", "SAPP.Test.Services.Abstractions\SAPP.Test.Services.Abstractions.csproj", "{D51AAD04-1AB0-4FAE-89A5-26BF6447F27D}"
EndProject
Project("{9A19103F-16F7-4668-BE54-9A1E7A4F7556}") = "SAPP.Test.Persistance", "SAPP.Test.Persistance\SAPP.Test.Persistance.csproj", "{73EE5707-2412-48E9-A0C1-DF13260FD46E}"
EndProject
Project("{9A19103F-16F7-4668-BE54-9A1E7A4F7556}") = "SAPP.Test.Presentation", "SAPP.Test.Presentation\SAPP.Test.Presentation.csproj", "{693E1834-D912-41B6-8D93-56E8FC271AE1}"
EndProject
Project("{9A19103F-16F7-4668-BE54-9A1E7A4F7556}") = "SAPP.Test.Services", "SAPP.Test.Services\SAPP.Test.Services.csproj", "{64AB542D-061B-4150-9870-5C857CB1142E}"
EndProject
Project("{FAE04EC0-301F-11D3-BF4B-00C04F79EFBC}") = "SAPP.Test.Web", "SAPP.Test.Web\SAPP.Test.Web.csproj", "{735C3608-30C6-4952-971C-5AFB579162F2}"
EndProject
Global
	GlobalSection(SolutionConfigurationPlatforms) = preSolution
		Debug|Any CPU = Debug|Any CPU
		Release|Any CPU = Release|Any CPU
	EndGlobalSection
	GlobalSection(ProjectConfigurationPlatforms) = postSolution
		{D169EBFB-B85A-42E3-8996-9C42FE2FB679}.Debug|Any CPU.ActiveCfg = Debug|Any CPU
		{D169EBFB-B85A-42E3-8996-9C42FE2FB679}.Debug|Any CPU.Build.0 = Debug|Any CPU
		{D169EBFB-B85A-42E3-8996-9C42FE2FB679}.Release|Any CPU.ActiveCfg = Release|Any CPU
		{D169EBFB-B85A-42E3-8996-9C42FE2FB679}.Release|Any CPU.Build.0 = Release|Any CPU
		{A3FA159B-2F6D-413F-8664-3C215AF7D1F7}.Debug|Any CPU.ActiveCfg = Debug|Any CPU
		{A3FA159B-2F6D-413F-8664-3C215AF7D1F7}.Debug|Any CPU.Build.0 = Debug|Any CPU
		{A3FA159B-2F6D-413F-8664-3C215AF7D1F7}.Release|Any CPU.ActiveCfg = Release|Any CPU
		{A3FA159B-2F6D-413F-8664-3C215AF7D1F7}.Release|Any CPU.Build.0 = Release|Any CPU
		{D51AAD04-1AB0-4FAE-89A5-26BF6447F27D}.Debug|Any CPU.ActiveCfg = Debug|Any CPU
		{D51AAD04-1AB0-4FAE-89A5-26BF6447F27D}.Debug|Any CPU.Build.0 = Debug|Any CPU
		{D51AAD04-1AB0-4FAE-89A5-26BF6447F27D}.Release|Any CPU.ActiveCfg = Release|Any CPU
		{D51AAD04-1AB0-4FAE-89A5-26BF6447F27D}.Release|Any CPU.Build.0 = Release|Any CPU
		{73EE5707-2412-48E9-A0C1-DF13260FD46E}.Debug|Any CPU.ActiveCfg = Debug|Any CPU
		{73EE5707-2412-48E9-A0C1-DF13260FD46E}.Debug|Any CPU.Build.0 = Debug|Any CPU
		{73EE5707-2412-48E9-A0C1-DF13260FD46E}.Release|Any CPU.ActiveCfg = Release|Any CPU
		{73EE5707-2412-48E9-A0C1-DF13260FD46E}.Release|Any CPU.Build.0 = Release|Any CPU
		{693E1834-D912-41B6-8D93-56E8FC271AE1}.Debug|Any CPU.ActiveCfg = Debug|Any CPU
		{693E1834-D912-41B6-8D93-56E8FC271AE1}.Debug|Any CPU.Build.0 = Debug|Any CPU
		{693E1834-D912-41B6-8D93-56E8FC271AE1}.Release|Any CPU.ActiveCfg = Release|Any CPU
		{693E1834-D912-41B6-8D93-56E8FC271AE1}.Release|Any CPU.Build.0 = Release|Any CPU
		{64AB542D-061B-4150-9870-5C857CB1142E}.Debug|Any CPU.ActiveCfg = Debug|Any CPU
		{64AB542D-061B-4150-9870-5C857CB1142E}.Debug|Any CPU.Build.0 = Debug|Any CPU
		{64AB542D-061B-4150-9870-5C857CB1142E}.Release|Any CPU.ActiveCfg = Release|Any CPU
		{64AB542D-061B-4150-9870-5C857CB1142E}.Release|Any CPU.Build.0 = Release|Any CPU
		{735C3608-30C6-4952-971C-5AFB579162F2}.Debug|Any CPU.ActiveCfg = Debug|Any CPU
		{735C3608-30C6-4952-971C-5AFB579162F2}.Debug|Any CPU.Build.0 = Debug|Any CPU
		{735C3608-30C6-4952-971C-5AFB579162F2}.Release|Any CPU.ActiveCfg = Release|Any CPU
		{735C3608-30C6-4952-971C-5AFB579162F2}.Release|Any CPU.Build.0 = Release|Any CPU
	EndGlobalSection
	GlobalSection(SolutionProperties) = preSolution
		HideSolutionNode = FALSE
	EndGlobalSection
	GlobalSection(NestedProjects) = preSolution
		{158B1839-A1DD-446B-B404-A0DE6437EDF1} = {238AED49-870C-4B4A-A142-EF8F50E54BEF}
		{3C50C985-CC6E-42C1-BAF1-8A83F75442D7} = {238AED49-870C-4B4A-A142-EF8F50E54BEF}
		{D169EBFB-B85A-42E3-8996-9C42FE2FB679} = {158B1839-A1DD-446B-B404-A0DE6437EDF1}
		{A3FA159B-2F6D-413F-8664-3C215AF7D1F7} = {158B1839-A1DD-446B-B404-A0DE6437EDF1}
		{D51AAD04-1AB0-4FAE-89A5-26BF6447F27D} = {158B1839-A1DD-446B-B404-A0DE6437EDF1}
		{73EE5707-2412-48E9-A0C1-DF13260FD46E} = {3C50C985-CC6E-42C1-BAF1-8A83F75442D7}
		{693E1834-D912-41B6-8D93-56E8FC271AE1} = {3C50C985-CC6E-42C1-BAF1-8A83F75442D7}
		{64AB542D-061B-4150-9870-5C857CB1142E} = {3C50C985-CC6E-42C1-BAF1-8A83F75442D7}
		{735C3608-30C6-4952-971C-5AFB579162F2} = {238AED49-870C-4B4A-A142-EF8F50E54BEF}
	EndGlobalSection
	GlobalSection(ExtensibilityGlobals) = postSolution
		SolutionGuid = {68736560-A665-4848-A5E1-02FA4D2FEDA8}
	EndGlobalSection
EndGlobal
